// !$*UTF8*$!
{
	archiveVersion = 1;
	classes = {
	};
	objectVersion = 55;
	objects = {

/* Begin PBXBuildFile section */
		767D5B3C273BC98B002319E2 /* RoomrApp.swift in Sources */ = {isa = PBXBuildFile; fileRef = 767D5B3B273BC98B002319E2 /* RoomrApp.swift */; };
		767D5B40273BC98C002319E2 /* Assets.xcassets in Resources */ = {isa = PBXBuildFile; fileRef = 767D5B3F273BC98C002319E2 /* Assets.xcassets */; };
		767D5B43273BC98C002319E2 /* Preview Assets.xcassets in Resources */ = {isa = PBXBuildFile; fileRef = 767D5B42273BC98C002319E2 /* Preview Assets.xcassets */; };
		767D5B4D273BC98C002319E2 /* RoomrTests.swift in Sources */ = {isa = PBXBuildFile; fileRef = 767D5B4C273BC98C002319E2 /* RoomrTests.swift */; };
		767D5B57273BC98C002319E2 /* RoomrUITests.swift in Sources */ = {isa = PBXBuildFile; fileRef = 767D5B56273BC98C002319E2 /* RoomrUITests.swift */; };
		767D5B59273BC98C002319E2 /* RoomrUITestsLaunchTests.swift in Sources */ = {isa = PBXBuildFile; fileRef = 767D5B58273BC98C002319E2 /* RoomrUITestsLaunchTests.swift */; };
		767D5B67273BCA69002319E2 /* Realm in Frameworks */ = {isa = PBXBuildFile; productRef = 767D5B66273BCA69002319E2 /* Realm */; };
		767D5B69273BCA69002319E2 /* RealmSwift in Frameworks */ = {isa = PBXBuildFile; productRef = 767D5B68273BCA69002319E2 /* RealmSwift */; };
		767D5B6B273BCBD3002319E2 /* RoomsView.swift in Sources */ = {isa = PBXBuildFile; fileRef = 767D5B6A273BCBD3002319E2 /* RoomsView.swift */; };
		767D5B6E273BD67E002319E2 /* NetworkManager.swift in Sources */ = {isa = PBXBuildFile; fileRef = 767D5B6D273BD67E002319E2 /* NetworkManager.swift */; };
		767D5B70273BDB01002319E2 /* RoomsService.swift in Sources */ = {isa = PBXBuildFile; fileRef = 767D5B6F273BDB01002319E2 /* RoomsService.swift */; };
/* End PBXBuildFile section */

/* Begin PBXContainerItemProxy section */
		767D5B49273BC98C002319E2 /* PBXContainerItemProxy */ = {
			isa = PBXContainerItemProxy;
			containerPortal = 767D5B30273BC98B002319E2 /* Project object */;
			proxyType = 1;
			remoteGlobalIDString = 767D5B37273BC98B002319E2;
			remoteInfo = Roomr;
		};
		767D5B53273BC98C002319E2 /* PBXContainerItemProxy */ = {
			isa = PBXContainerItemProxy;
			containerPortal = 767D5B30273BC98B002319E2 /* Project object */;
			proxyType = 1;
			remoteGlobalIDString = 767D5B37273BC98B002319E2;
			remoteInfo = Roomr;
		};
/* End PBXContainerItemProxy section */

/* Begin PBXFileReference section */
		767D5B38273BC98B002319E2 /* Roomr.app */ = {isa = PBXFileReference; explicitFileType = wrapper.application; includeInIndex = 0; path = Roomr.app; sourceTree = BUILT_PRODUCTS_DIR; };
		767D5B3B273BC98B002319E2 /* RoomrApp.swift */ = {isa = PBXFileReference; lastKnownFileType = sourcecode.swift; path = RoomrApp.swift; sourceTree = "<group>"; };
		767D5B3F273BC98C002319E2 /* Assets.xcassets */ = {isa = PBXFileReference; lastKnownFileType = folder.assetcatalog; path = Assets.xcassets; sourceTree = "<group>"; };
		767D5B42273BC98C002319E2 /* Preview Assets.xcassets */ = {isa = PBXFileReference; lastKnownFileType = folder.assetcatalog; path = "Preview Assets.xcassets"; sourceTree = "<group>"; };
		767D5B48273BC98C002319E2 /* RoomrTests.xctest */ = {isa = PBXFileReference; explicitFileType = wrapper.cfbundle; includeInIndex = 0; path = RoomrTests.xctest; sourceTree = BUILT_PRODUCTS_DIR; };
		767D5B4C273BC98C002319E2 /* RoomrTests.swift */ = {isa = PBXFileReference; lastKnownFileType = sourcecode.swift; path = RoomrTests.swift; sourceTree = "<group>"; };
		767D5B52273BC98C002319E2 /* RoomrUITests.xctest */ = {isa = PBXFileReference; explicitFileType = wrapper.cfbundle; includeInIndex = 0; path = RoomrUITests.xctest; sourceTree = BUILT_PRODUCTS_DIR; };
		767D5B56273BC98C002319E2 /* RoomrUITests.swift */ = {isa = PBXFileReference; lastKnownFileType = sourcecode.swift; path = RoomrUITests.swift; sourceTree = "<group>"; };
		767D5B58273BC98C002319E2 /* RoomrUITestsLaunchTests.swift */ = {isa = PBXFileReference; lastKnownFileType = sourcecode.swift; path = RoomrUITestsLaunchTests.swift; sourceTree = "<group>"; };
		767D5B6A273BCBD3002319E2 /* RoomsView.swift */ = {isa = PBXFileReference; lastKnownFileType = sourcecode.swift; path = RoomsView.swift; sourceTree = "<group>"; };
		767D5B6D273BD67E002319E2 /* NetworkManager.swift */ = {isa = PBXFileReference; lastKnownFileType = sourcecode.swift; path = NetworkManager.swift; sourceTree = "<group>"; };
		767D5B6F273BDB01002319E2 /* RoomsService.swift */ = {isa = PBXFileReference; lastKnownFileType = sourcecode.swift; path = RoomsService.swift; sourceTree = "<group>"; };
/* End PBXFileReference section */

/* Begin PBXFrameworksBuildPhase section */
		767D5B35273BC98B002319E2 /* Frameworks */ = {
			isa = PBXFrameworksBuildPhase;
			buildActionMask = 2147483647;
			files = (
				767D5B69273BCA69002319E2 /* RealmSwift in Frameworks */,
				767D5B67273BCA69002319E2 /* Realm in Frameworks */,
			);
			runOnlyForDeploymentPostprocessing = 0;
		};
		767D5B45273BC98C002319E2 /* Frameworks */ = {
			isa = PBXFrameworksBuildPhase;
			buildActionMask = 2147483647;
			files = (
			);
			runOnlyForDeploymentPostprocessing = 0;
		};
		767D5B4F273BC98C002319E2 /* Frameworks */ = {
			isa = PBXFrameworksBuildPhase;
			buildActionMask = 2147483647;
			files = (
			);
			runOnlyForDeploymentPostprocessing = 0;
		};
/* End PBXFrameworksBuildPhase section */

/* Begin PBXGroup section */
		767D5B2F273BC98B002319E2 = {
			isa = PBXGroup;
			children = (
				767D5B3A273BC98B002319E2 /* Roomr */,
				767D5B4B273BC98C002319E2 /* RoomrTests */,
				767D5B55273BC98C002319E2 /* RoomrUITests */,
				767D5B39273BC98B002319E2 /* Products */,
			);
			sourceTree = "<group>";
		};
		767D5B39273BC98B002319E2 /* Products */ = {
			isa = PBXGroup;
			children = (
				767D5B38273BC98B002319E2 /* Roomr.app */,
				767D5B48273BC98C002319E2 /* RoomrTests.xctest */,
				767D5B52273BC98C002319E2 /* RoomrUITests.xctest */,
			);
			name = Products;
			sourceTree = "<group>";
		};
		767D5B3A273BC98B002319E2 /* Roomr */ = {
			isa = PBXGroup;
			children = (
				767D5B6C273BD66A002319E2 /* Network */,
				767D5B3B273BC98B002319E2 /* RoomrApp.swift */,
				767D5B3F273BC98C002319E2 /* Assets.xcassets */,
				767D5B41273BC98C002319E2 /* Preview Content */,
				767D5B6A273BCBD3002319E2 /* RoomsView.swift */,
			);
			path = Roomr;
			sourceTree = "<group>";
		};
		767D5B41273BC98C002319E2 /* Preview Content */ = {
			isa = PBXGroup;
			children = (
				767D5B42273BC98C002319E2 /* Preview Assets.xcassets */,
			);
			path = "Preview Content";
			sourceTree = "<group>";
		};
		767D5B4B273BC98C002319E2 /* RoomrTests */ = {
			isa = PBXGroup;
			children = (
				767D5B4C273BC98C002319E2 /* RoomrTests.swift */,
			);
			path = RoomrTests;
			sourceTree = "<group>";
		};
		767D5B55273BC98C002319E2 /* RoomrUITests */ = {
			isa = PBXGroup;
			children = (
				767D5B56273BC98C002319E2 /* RoomrUITests.swift */,
				767D5B58273BC98C002319E2 /* RoomrUITestsLaunchTests.swift */,
			);
			path = RoomrUITests;
			sourceTree = "<group>";
		};
		767D5B6C273BD66A002319E2 /* Network */ = {
			isa = PBXGroup;
			children = (
				767D5B6D273BD67E002319E2 /* NetworkManager.swift */,
				767D5B6F273BDB01002319E2 /* RoomsService.swift */,
			);
			path = Network;
			sourceTree = "<group>";
		};
/* End PBXGroup section */

/* Begin PBXNativeTarget section */
		767D5B37273BC98B002319E2 /* Roomr */ = {
			isa = PBXNativeTarget;
			buildConfigurationList = 767D5B5C273BC98C002319E2 /* Build configuration list for PBXNativeTarget "Roomr" */;
			buildPhases = (
				767D5B34273BC98B002319E2 /* Sources */,
				767D5B35273BC98B002319E2 /* Frameworks */,
				767D5B36273BC98B002319E2 /* Resources */,
			);
			buildRules = (
			);
			dependencies = (
			);
			name = Roomr;
			packageProductDependencies = (
				767D5B66273BCA69002319E2 /* Realm */,
				767D5B68273BCA69002319E2 /* RealmSwift */,
			);
			productName = Roomr;
			productReference = 767D5B38273BC98B002319E2 /* Roomr.app */;
			productType = "com.apple.product-type.application";
		};
		767D5B47273BC98C002319E2 /* RoomrTests */ = {
			isa = PBXNativeTarget;
			buildConfigurationList = 767D5B5F273BC98C002319E2 /* Build configuration list for PBXNativeTarget "RoomrTests" */;
			buildPhases = (
				767D5B44273BC98C002319E2 /* Sources */,
				767D5B45273BC98C002319E2 /* Frameworks */,
				767D5B46273BC98C002319E2 /* Resources */,
			);
			buildRules = (
			);
			dependencies = (
				767D5B4A273BC98C002319E2 /* PBXTargetDependency */,
			);
			name = RoomrTests;
			productName = RoomrTests;
			productReference = 767D5B48273BC98C002319E2 /* RoomrTests.xctest */;
			productType = "com.apple.product-type.bundle.unit-test";
		};
		767D5B51273BC98C002319E2 /* RoomrUITests */ = {
			isa = PBXNativeTarget;
			buildConfigurationList = 767D5B62273BC98C002319E2 /* Build configuration list for PBXNativeTarget "RoomrUITests" */;
			buildPhases = (
				767D5B4E273BC98C002319E2 /* Sources */,
				767D5B4F273BC98C002319E2 /* Frameworks */,
				767D5B50273BC98C002319E2 /* Resources */,
			);
			buildRules = (
			);
			dependencies = (
				767D5B54273BC98C002319E2 /* PBXTargetDependency */,
			);
			name = RoomrUITests;
			productName = RoomrUITests;
			productReference = 767D5B52273BC98C002319E2 /* RoomrUITests.xctest */;
			productType = "com.apple.product-type.bundle.ui-testing";
		};
/* End PBXNativeTarget section */

/* Begin PBXProject section */
		767D5B30273BC98B002319E2 /* Project object */ = {
			isa = PBXProject;
			attributes = {
				BuildIndependentTargetsInParallel = 1;
				LastSwiftUpdateCheck = 1310;
				LastUpgradeCheck = 1310;
				TargetAttributes = {
					767D5B37273BC98B002319E2 = {
						CreatedOnToolsVersion = 13.1;
					};
					767D5B47273BC98C002319E2 = {
						CreatedOnToolsVersion = 13.1;
						TestTargetID = 767D5B37273BC98B002319E2;
					};
					767D5B51273BC98C002319E2 = {
						CreatedOnToolsVersion = 13.1;
						TestTargetID = 767D5B37273BC98B002319E2;
					};
				};
			};
			buildConfigurationList = 767D5B33273BC98B002319E2 /* Build configuration list for PBXProject "Roomr" */;
			compatibilityVersion = "Xcode 13.0";
			developmentRegion = en;
			hasScannedForEncodings = 0;
			knownRegions = (
				en,
				Base,
			);
			mainGroup = 767D5B2F273BC98B002319E2;
			packageReferences = (
				767D5B65273BCA69002319E2 /* XCRemoteSwiftPackageReference "realm-cocoa" */,
			);
			productRefGroup = 767D5B39273BC98B002319E2 /* Products */;
			projectDirPath = "";
			projectRoot = "";
			targets = (
				767D5B37273BC98B002319E2 /* Roomr */,
				767D5B47273BC98C002319E2 /* RoomrTests */,
				767D5B51273BC98C002319E2 /* RoomrUITests */,
			);
		};
/* End PBXProject section */

/* Begin PBXResourcesBuildPhase section */
		767D5B36273BC98B002319E2 /* Resources */ = {
			isa = PBXResourcesBuildPhase;
			buildActionMask = 2147483647;
			files = (
				767D5B43273BC98C002319E2 /* Preview Assets.xcassets in Resources */,
				767D5B40273BC98C002319E2 /* Assets.xcassets in Resources */,
			);
			runOnlyForDeploymentPostprocessing = 0;
		};
		767D5B46273BC98C002319E2 /* Resources */ = {
			isa = PBXResourcesBuildPhase;
			buildActionMask = 2147483647;
			files = (
			);
			runOnlyForDeploymentPostprocessing = 0;
		};
		767D5B50273BC98C002319E2 /* Resources */ = {
			isa = PBXResourcesBuildPhase;
			buildActionMask = 2147483647;
			files = (
			);
			runOnlyForDeploymentPostprocessing = 0;
		};
/* End PBXResourcesBuildPhase section */

/* Begin PBXSourcesBuildPhase section */
		767D5B34273BC98B002319E2 /* Sources */ = {
			isa = PBXSourcesBuildPhase;
			buildActionMask = 2147483647;
			files = (
				767D5B6E273BD67E002319E2 /* NetworkManager.swift in Sources */,
				767D5B6B273BCBD3002319E2 /* RoomsView.swift in Sources */,
				767D5B70273BDB01002319E2 /* RoomsService.swift in Sources */,
				767D5B3C273BC98B002319E2 /* RoomrApp.swift in Sources */,
			);
			runOnlyForDeploymentPostprocessing = 0;
		};
		767D5B44273BC98C002319E2 /* Sources */ = {
			isa = PBXSourcesBuildPhase;
			buildActionMask = 2147483647;
			files = (
				767D5B4D273BC98C002319E2 /* RoomrTests.swift in Sources */,
			);
			runOnlyForDeploymentPostprocessing = 0;
		};
		767D5B4E273BC98C002319E2 /* Sources */ = {
			isa = PBXSourcesBuildPhase;
			buildActionMask = 2147483647;
			files = (
				767D5B59273BC98C002319E2 /* RoomrUITestsLaunchTests.swift in Sources */,
				767D5B57273BC98C002319E2 /* RoomrUITests.swift in Sources */,
			);
			runOnlyForDeploymentPostprocessing = 0;
		};
/* End PBXSourcesBuildPhase section */

/* Begin PBXTargetDependency section */
		767D5B4A273BC98C002319E2 /* PBXTargetDependency */ = {
			isa = PBXTargetDependency;
			target = 767D5B37273BC98B002319E2 /* Roomr */;
			targetProxy = 767D5B49273BC98C002319E2 /* PBXContainerItemProxy */;
		};
		767D5B54273BC98C002319E2 /* PBXTargetDependency */ = {
			isa = PBXTargetDependency;
			target = 767D5B37273BC98B002319E2 /* Roomr */;
			targetProxy = 767D5B53273BC98C002319E2 /* PBXContainerItemProxy */;
		};
/* End PBXTargetDependency section */

/* Begin XCBuildConfiguration section */
		767D5B5A273BC98C002319E2 /* Debug */ = {
			isa = XCBuildConfiguration;
			buildSettings = {
				ALWAYS_SEARCH_USER_PATHS = NO;
				CLANG_ANALYZER_NONNULL = YES;
				CLANG_ANALYZER_NUMBER_OBJECT_CONVERSION = YES_AGGRESSIVE;
				CLANG_CXX_LANGUAGE_STANDARD = "gnu++17";
				CLANG_CXX_LIBRARY = "libc++";
				CLANG_ENABLE_MODULES = YES;
				CLANG_ENABLE_OBJC_ARC = YES;
				CLANG_ENABLE_OBJC_WEAK = YES;
				CLANG_WARN_BLOCK_CAPTURE_AUTORELEASING = YES;
				CLANG_WARN_BOOL_CONVERSION = YES;
				CLANG_WARN_COMMA = YES;
				CLANG_WARN_CONSTANT_CONVERSION = YES;
				CLANG_WARN_DEPRECATED_OBJC_IMPLEMENTATIONS = YES;
				CLANG_WARN_DIRECT_OBJC_ISA_USAGE = YES_ERROR;
				CLANG_WARN_DOCUMENTATION_COMMENTS = YES;
				CLANG_WARN_EMPTY_BODY = YES;
				CLANG_WARN_ENUM_CONVERSION = YES;
				CLANG_WARN_INFINITE_RECURSION = YES;
				CLANG_WARN_INT_CONVERSION = YES;
				CLANG_WARN_NON_LITERAL_NULL_CONVERSION = YES;
				CLANG_WARN_OBJC_IMPLICIT_RETAIN_SELF = YES;
				CLANG_WARN_OBJC_LITERAL_CONVERSION = YES;
				CLANG_WARN_OBJC_ROOT_CLASS = YES_ERROR;
				CLANG_WARN_QUOTED_INCLUDE_IN_FRAMEWORK_HEADER = YES;
				CLANG_WARN_RANGE_LOOP_ANALYSIS = YES;
				CLANG_WARN_STRICT_PROTOTYPES = YES;
				CLANG_WARN_SUSPICIOUS_MOVE = YES;
				CLANG_WARN_UNGUARDED_AVAILABILITY = YES_AGGRESSIVE;
				CLANG_WARN_UNREACHABLE_CODE = YES;
				CLANG_WARN__DUPLICATE_METHOD_MATCH = YES;
				COPY_PHASE_STRIP = NO;
				DEBUG_INFORMATION_FORMAT = dwarf;
				ENABLE_STRICT_OBJC_MSGSEND = YES;
				ENABLE_TESTABILITY = YES;
				GCC_C_LANGUAGE_STANDARD = gnu11;
				GCC_DYNAMIC_NO_PIC = NO;
				GCC_NO_COMMON_BLOCKS = YES;
				GCC_OPTIMIZATION_LEVEL = 0;
				GCC_PREPROCESSOR_DEFINITIONS = (
					"DEBUG=1",
					"$(inherited)",
				);
				GCC_WARN_64_TO_32_BIT_CONVERSION = YES;
				GCC_WARN_ABOUT_RETURN_TYPE = YES_ERROR;
				GCC_WARN_UNDECLARED_SELECTOR = YES;
				GCC_WARN_UNINITIALIZED_AUTOS = YES_AGGRESSIVE;
				GCC_WARN_UNUSED_FUNCTION = YES;
				GCC_WARN_UNUSED_VARIABLE = YES;
				IPHONEOS_DEPLOYMENT_TARGET = 15.0;
				MTL_ENABLE_DEBUG_INFO = INCLUDE_SOURCE;
				MTL_FAST_MATH = YES;
				ONLY_ACTIVE_ARCH = YES;
				SDKROOT = iphoneos;
				SWIFT_ACTIVE_COMPILATION_CONDITIONS = DEBUG;
				SWIFT_OPTIMIZATION_LEVEL = "-Onone";
			};
			name = Debug;
		};
		767D5B5B273BC98C002319E2 /* Release */ = {
			isa = XCBuildConfiguration;
			buildSettings = {
				ALWAYS_SEARCH_USER_PATHS = NO;
				CLANG_ANALYZER_NONNULL = YES;
				CLANG_ANALYZER_NUMBER_OBJECT_CONVERSION = YES_AGGRESSIVE;
				CLANG_CXX_LANGUAGE_STANDARD = "gnu++17";
				CLANG_CXX_LIBRARY = "libc++";
				CLANG_ENABLE_MODULES = YES;
				CLANG_ENABLE_OBJC_ARC = YES;
				CLANG_ENABLE_OBJC_WEAK = YES;
				CLANG_WARN_BLOCK_CAPTURE_AUTORELEASING = YES;
				CLANG_WARN_BOOL_CONVERSION = YES;
				CLANG_WARN_COMMA = YES;
				CLANG_WARN_CONSTANT_CONVERSION = YES;
				CLANG_WARN_DEPRECATED_OBJC_IMPLEMENTATIONS = YES;
				CLANG_WARN_DIRECT_OBJC_ISA_USAGE = YES_ERROR;
				CLANG_WARN_DOCUMENTATION_COMMENTS = YES;
				CLANG_WARN_EMPTY_BODY = YES;
				CLANG_WARN_ENUM_CONVERSION = YES;
				CLANG_WARN_INFINITE_RECURSION = YES;
				CLANG_WARN_INT_CONVERSION = YES;
				CLANG_WARN_NON_LITERAL_NULL_CONVERSION = YES;
				CLANG_WARN_OBJC_IMPLICIT_RETAIN_SELF = YES;
				CLANG_WARN_OBJC_LITERAL_CONVERSION = YES;
				CLANG_WARN_OBJC_ROOT_CLASS = YES_ERROR;
				CLANG_WARN_QUOTED_INCLUDE_IN_FRAMEWORK_HEADER = YES;
				CLANG_WARN_RANGE_LOOP_ANALYSIS = YES;
				CLANG_WARN_STRICT_PROTOTYPES = YES;
				CLANG_WARN_SUSPICIOUS_MOVE = YES;
				CLANG_WARN_UNGUARDED_AVAILABILITY = YES_AGGRESSIVE;
				CLANG_WARN_UNREACHABLE_CODE = YES;
				CLANG_WARN__DUPLICATE_METHOD_MATCH = YES;
				COPY_PHASE_STRIP = NO;
				DEBUG_INFORMATION_FORMAT = "dwarf-with-dsym";
				ENABLE_NS_ASSERTIONS = NO;
				ENABLE_STRICT_OBJC_MSGSEND = YES;
				GCC_C_LANGUAGE_STANDARD = gnu11;
				GCC_NO_COMMON_BLOCKS = YES;
				GCC_WARN_64_TO_32_BIT_CONVERSION = YES;
				GCC_WARN_ABOUT_RETURN_TYPE = YES_ERROR;
				GCC_WARN_UNDECLARED_SELECTOR = YES;
				GCC_WARN_UNINITIALIZED_AUTOS = YES_AGGRESSIVE;
				GCC_WARN_UNUSED_FUNCTION = YES;
				GCC_WARN_UNUSED_VARIABLE = YES;
				IPHONEOS_DEPLOYMENT_TARGET = 15.0;
				MTL_ENABLE_DEBUG_INFO = NO;
				MTL_FAST_MATH = YES;
				SDKROOT = iphoneos;
				SWIFT_COMPILATION_MODE = wholemodule;
				SWIFT_OPTIMIZATION_LEVEL = "-O";
				VALIDATE_PRODUCT = YES;
			};
			name = Release;
		};
		767D5B5D273BC98C002319E2 /* Debug */ = {
			isa = XCBuildConfiguration;
			buildSettings = {
				ASSETCATALOG_COMPILER_APPICON_NAME = AppIcon;
				ASSETCATALOG_COMPILER_GLOBAL_ACCENT_COLOR_NAME = AccentColor;
				CODE_SIGN_STYLE = Automatic;
				CURRENT_PROJECT_VERSION = 1;
				DEVELOPMENT_ASSET_PATHS = "\"Roomr/Preview Content\"";
				DEVELOPMENT_TEAM = AKVSD95D3Y;
				ENABLE_PREVIEWS = YES;
				GENERATE_INFOPLIST_FILE = YES;
				INFOPLIST_KEY_UIApplicationSceneManifest_Generation = YES;
				INFOPLIST_KEY_UIApplicationSupportsIndirectInputEvents = YES;
				INFOPLIST_KEY_UILaunchScreen_Generation = YES;
				INFOPLIST_KEY_UISupportedInterfaceOrientations_iPad = "UIInterfaceOrientationPortrait UIInterfaceOrientationPortraitUpsideDown UIInterfaceOrientationLandscapeLeft UIInterfaceOrientationLandscapeRight";
				INFOPLIST_KEY_UISupportedInterfaceOrientations_iPhone = "UIInterfaceOrientationPortrait UIInterfaceOrientationLandscapeLeft UIInterfaceOrientationLandscapeRight";
				LD_RUNPATH_SEARCH_PATHS = (
					"$(inherited)",
					"@executable_path/Frameworks",
				);
				MARKETING_VERSION = 1.0;
				PRODUCT_BUNDLE_IDENTIFIER = com.naydin.Roomr;
				PRODUCT_NAME = "$(TARGET_NAME)";
				SWIFT_EMIT_LOC_STRINGS = YES;
				SWIFT_VERSION = 5.0;
				TARGETED_DEVICE_FAMILY = "1,2";
			};
			name = Debug;
		};
		767D5B5E273BC98C002319E2 /* Release */ = {
			isa = XCBuildConfiguration;
			buildSettings = {
				ASSETCATALOG_COMPILER_APPICON_NAME = AppIcon;
				ASSETCATALOG_COMPILER_GLOBAL_ACCENT_COLOR_NAME = AccentColor;
				CODE_SIGN_STYLE = Automatic;
				CURRENT_PROJECT_VERSION = 1;
				DEVELOPMENT_ASSET_PATHS = "\"Roomr/Preview Content\"";
				DEVELOPMENT_TEAM = AKVSD95D3Y;
				ENABLE_PREVIEWS = YES;
				GENERATE_INFOPLIST_FILE = YES;
				INFOPLIST_KEY_UIApplicationSceneManifest_Generation = YES;
				INFOPLIST_KEY_UIApplicationSupportsIndirectInputEvents = YES;
				INFOPLIST_KEY_UILaunchScreen_Generation = YES;
				INFOPLIST_KEY_UISupportedInterfaceOrientations_iPad = "UIInterfaceOrientationPortrait UIInterfaceOrientationPortraitUpsideDown UIInterfaceOrientationLandscapeLeft UIInterfaceOrientationLandscapeRight";
				INFOPLIST_KEY_UISupportedInterfaceOrientations_iPhone = "UIInterfaceOrientationPortrait UIInterfaceOrientationLandscapeLeft UIInterfaceOrientationLandscapeRight";
				LD_RUNPATH_SEARCH_PATHS = (
					"$(inherited)",
					"@executable_path/Frameworks",
				);
				MARKETING_VERSION = 1.0;
				PRODUCT_BUNDLE_IDENTIFIER = com.naydin.Roomr;
				PRODUCT_NAME = "$(TARGET_NAME)";
				SWIFT_EMIT_LOC_STRINGS = YES;
				SWIFT_VERSION = 5.0;
				TARGETED_DEVICE_FAMILY = "1,2";
			};
			name = Release;
		};
		767D5B60273BC98C002319E2 /* Debug */ = {
			isa = XCBuildConfiguration;
			buildSettings = {
				ALWAYS_EMBED_SWIFT_STANDARD_LIBRARIES = YES;
				BUNDLE_LOADER = "$(TEST_HOST)";
				CODE_SIGN_STYLE = Automatic;
				CURRENT_PROJECT_VERSION = 1;
				DEVELOPMENT_TEAM = AKVSD95D3Y;
				GENERATE_INFOPLIST_FILE = YES;
				IPHONEOS_DEPLOYMENT_TARGET = 15.0;
				LD_RUNPATH_SEARCH_PATHS = (
					"$(inherited)",
					"@executable_path/Frameworks",
					"@loader_path/Frameworks",
				);
				MARKETING_VERSION = 1.0;
				PRODUCT_BUNDLE_IDENTIFIER = com.naydin.RoomrTests;
				PRODUCT_NAME = "$(TARGET_NAME)";
				SWIFT_EMIT_LOC_STRINGS = NO;
				SWIFT_VERSION = 5.0;
				TARGETED_DEVICE_FAMILY = "1,2";
				TEST_HOST = "$(BUILT_PRODUCTS_DIR)/Roomr.app/Roomr";
			};
			name = Debug;
		};
		767D5B61273BC98C002319E2 /* Release */ = {
			isa = XCBuildConfiguration;
			buildSettings = {
				ALWAYS_EMBED_SWIFT_STANDARD_LIBRARIES = YES;
				BUNDLE_LOADER = "$(TEST_HOST)";
				CODE_SIGN_STYLE = Automatic;
				CURRENT_PROJECT_VERSION = 1;
				DEVELOPMENT_TEAM = AKVSD95D3Y;
				GENERATE_INFOPLIST_FILE = YES;
				IPHONEOS_DEPLOYMENT_TARGET = 15.0;
				LD_RUNPATH_SEARCH_PATHS = (
					"$(inherited)",
					"@executable_path/Frameworks",
					"@loader_path/Frameworks",
				);
				MARKETING_VERSION = 1.0;
				PRODUCT_BUNDLE_IDENTIFIER = com.naydin.RoomrTests;
				PRODUCT_NAME = "$(TARGET_NAME)";
				SWIFT_EMIT_LOC_STRINGS = NO;
				SWIFT_VERSION = 5.0;
				TARGETED_DEVICE_FAMILY = "1,2";
				TEST_HOST = "$(BUILT_PRODUCTS_DIR)/Roomr.app/Roomr";
			};
			name = Release;
		};
		767D5B63273BC98C002319E2 /* Debug */ = {
			isa = XCBuildConfiguration;
			buildSettings = {
				ALWAYS_EMBED_SWIFT_STANDARD_LIBRARIES = YES;
				CODE_SIGN_STYLE = Automatic;
				CURRENT_PROJECT_VERSION = 1;
				DEVELOPMENT_TEAM = AKVSD95D3Y;
				GENERATE_INFOPLIST_FILE = YES;
				LD_RUNPATH_SEARCH_PATHS = (
					"$(inherited)",
					"@executable_path/Frameworks",
					"@loader_path/Frameworks",
				);
				MARKETING_VERSION = 1.0;
				PRODUCT_BUNDLE_IDENTIFIER = com.naydin.RoomrUITests;
				PRODUCT_NAME = "$(TARGET_NAME)";
				SWIFT_EMIT_LOC_STRINGS = NO;
				SWIFT_VERSION = 5.0;
				TARGETED_DEVICE_FAMILY = "1,2";
				TEST_TARGET_NAME = Roomr;
			};
			name = Debug;
		};
		767D5B64273BC98C002319E2 /* Release */ = {
			isa = XCBuildConfiguration;
			buildSettings = {
				ALWAYS_EMBED_SWIFT_STANDARD_LIBRARIES = YES;
				CODE_SIGN_STYLE = Automatic;
				CURRENT_PROJECT_VERSION = 1;
				DEVELOPMENT_TEAM = AKVSD95D3Y;
				GENERATE_INFOPLIST_FILE = YES;
				LD_RUNPATH_SEARCH_PATHS = (
					"$(inherited)",
					"@executable_path/Frameworks",
					"@loader_path/Frameworks",
				);
				MARKETING_VERSION = 1.0;
				PRODUCT_BUNDLE_IDENTIFIER = com.naydin.RoomrUITests;
				PRODUCT_NAME = "$(TARGET_NAME)";
				SWIFT_EMIT_LOC_STRINGS = NO;
				SWIFT_VERSION = 5.0;
				TARGETED_DEVICE_FAMILY = "1,2";
				TEST_TARGET_NAME = Roomr;
			};
			name = Release;
		};
/* End XCBuildConfiguration section */

/* Begin XCConfigurationList section */
		767D5B33273BC98B002319E2 /* Build configuration list for PBXProject "Roomr" */ = {
			isa = XCConfigurationList;
			buildConfigurations = (
				767D5B5A273BC98C002319E2 /* Debug */,
				767D5B5B273BC98C002319E2 /* Release */,
			);
			defaultConfigurationIsVisible = 0;
			defaultConfigurationName = Release;
		};
		767D5B5C273BC98C002319E2 /* Build configuration list for PBXNativeTarget "Roomr" */ = {
			isa = XCConfigurationList;
			buildConfigurations = (
				767D5B5D273BC98C002319E2 /* Debug */,
				767D5B5E273BC98C002319E2 /* Release */,
			);
			defaultConfigurationIsVisible = 0;
			defaultConfigurationName = Release;
		};
		767D5B5F273BC98C002319E2 /* Build configuration list for PBXNativeTarget "RoomrTests" */ = {
			isa = XCConfigurationList;
			buildConfigurations = (
				767D5B60273BC98C002319E2 /* Debug */,
				767D5B61273BC98C002319E2 /* Release */,
			);
			defaultConfigurationIsVisible = 0;
			defaultConfigurationName = Release;
		};
		767D5B62273BC98C002319E2 /* Build configuration list for PBXNativeTarget "RoomrUITests" */ = {
			isa = XCConfigurationList;
			buildConfigurations = (
				767D5B63273BC98C002319E2 /* Debug */,
				767D5B64273BC98C002319E2 /* Release */,
			);
			defaultConfigurationIsVisible = 0;
			defaultConfigurationName = Release;
		};
/* End XCConfigurationList section */

/* Begin XCRemoteSwiftPackageReference section */
		767D5B65273BCA69002319E2 /* XCRemoteSwiftPackageReference "realm-cocoa" */ = {
			isa = XCRemoteSwiftPackageReference;
			repositoryURL = "https://github.com/realm/realm-cocoa.git";
			requirement = {
				kind = upToNextMajorVersion;
				minimumVersion = 10.0.0;
			};
		};
/* End XCRemoteSwiftPackageReference section */

/* Begin XCSwiftPackageProductDependency section */
		767D5B66273BCA69002319E2 /* Realm */ = {
			isa = XCSwiftPackageProductDependency;
			package = 767D5B65273BCA69002319E2 /* XCRemoteSwiftPackageReference "realm-cocoa" */;
			productName = Realm;
		};
		767D5B68273BCA69002319E2 /* RealmSwift */ = {
			isa = XCSwiftPackageProductDependency;
			package = 767D5B65273BCA69002319E2 /* XCRemoteSwiftPackageReference "realm-cocoa" */;
			productName = RealmSwift;
		};
/* End XCSwiftPackageProductDependency section */
	};
	rootObject = 767D5B30273BC98B002319E2 /* Project object */;
}
